// !$*UTF8*$!
{
	archiveVersion = 1;
	classes = {
	};
	objectVersion = 55;
	objects = {

/* Begin PBXBuildFile section */
		4C2E740E29E9098100745BBB /* MyLocationManager.swift in Sources */ = {isa = PBXBuildFile; fileRef = 4C2E740D29E9098100745BBB /* MyLocationManager.swift */; };
		4C72A3FE2AD9915900695017 /* AirBridge in Frameworks */ = {isa = PBXBuildFile; productRef = 4C72A3FD2AD9915900695017 /* AirBridge */; };
		4C7EAA7A2AA6198F00B57D4C /* AppDelegate.swift in Sources */ = {isa = PBXBuildFile; fileRef = 81AB90D1294EDD9800700428 /* AppDelegate.swift */; };
		811B5EC02961630800F7A77F /* GoogleService-Info.plist in Resources */ = {isa = PBXBuildFile; fileRef = 811B5EBF2961630800F7A77F /* GoogleService-Info.plist */; };
		81AB90D4294EDD9800700428 /* SceneDelegate.swift in Sources */ = {isa = PBXBuildFile; fileRef = 81AB90D3294EDD9800700428 /* SceneDelegate.swift */; };
		81AB90D9294EDD9800700428 /* Main.storyboard in Resources */ = {isa = PBXBuildFile; fileRef = 81AB90D7294EDD9800700428 /* Main.storyboard */; };
		81AB90DB294EDD9900700428 /* Assets.xcassets in Resources */ = {isa = PBXBuildFile; fileRef = 81AB90DA294EDD9900700428 /* Assets.xcassets */; };
		81AB90DE294EDD9900700428 /* LaunchScreen.storyboard in Resources */ = {isa = PBXBuildFile; fileRef = 81AB90DC294EDD9900700428 /* LaunchScreen.storyboard */; };
		81AB90E6294EDFB200700428 /* MainWebViewController.swift in Sources */ = {isa = PBXBuildFile; fileRef = 81AB90E5294EDFB200700428 /* MainWebViewController.swift */; };
		81AB90EF294F420900700428 /* FCMToken.swift in Sources */ = {isa = PBXBuildFile; fileRef = 81AB90EE294F420900700428 /* FCMToken.swift */; };
		AB949F18AA023C7FE3D5657F /* Pods_Delgo.framework in Frameworks */ = {isa = PBXBuildFile; fileRef = 0DC79A7F413DD528525B4B65 /* Pods_Delgo.framework */; };
/* End PBXBuildFile section */

/* Begin PBXFileReference section */
		03E44354B670E5961C2A33FF /* Pods-Delgo.release.xcconfig */ = {isa = PBXFileReference; includeInIndex = 1; lastKnownFileType = text.xcconfig; name = "Pods-Delgo.release.xcconfig"; path = "Target Support Files/Pods-Delgo/Pods-Delgo.release.xcconfig"; sourceTree = "<group>"; };
		0C738D3B3939E33EAF76BDD2 /* Pods-Delgo.debug.xcconfig */ = {isa = PBXFileReference; includeInIndex = 1; lastKnownFileType = text.xcconfig; name = "Pods-Delgo.debug.xcconfig"; path = "Target Support Files/Pods-Delgo/Pods-Delgo.debug.xcconfig"; sourceTree = "<group>"; };
		0DC79A7F413DD528525B4B65 /* Pods_Delgo.framework */ = {isa = PBXFileReference; explicitFileType = wrapper.framework; includeInIndex = 0; path = Pods_Delgo.framework; sourceTree = BUILT_PRODUCTS_DIR; };
		4C29A20B2A56E6DC007EC910 /* libz.tbd */ = {isa = PBXFileReference; lastKnownFileType = "sourcecode.text-based-dylib-definition"; name = libz.tbd; path = usr/lib/libz.tbd; sourceTree = SDKROOT; };
		4C2E740D29E9098100745BBB /* MyLocationManager.swift */ = {isa = PBXFileReference; lastKnownFileType = sourcecode.swift; path = MyLocationManager.swift; sourceTree = "<group>"; };
		4C84CC8429ADD8B1001D3A20 /* ko */ = {isa = PBXFileReference; lastKnownFileType = text.plist.strings; name = ko; path = ko.lproj/Main.strings; sourceTree = "<group>"; };
		4C84CC8529ADD8B1001D3A20 /* ko */ = {isa = PBXFileReference; lastKnownFileType = text.plist.strings; name = ko; path = ko.lproj/LaunchScreen.strings; sourceTree = "<group>"; };
		811B5EBF2961630800F7A77F /* GoogleService-Info.plist */ = {isa = PBXFileReference; fileEncoding = 4; lastKnownFileType = text.plist.xml; path = "GoogleService-Info.plist"; sourceTree = "<group>"; };
		81AB90CE294EDD9800700428 /* Delgo.app */ = {isa = PBXFileReference; explicitFileType = wrapper.application; includeInIndex = 0; path = Delgo.app; sourceTree = BUILT_PRODUCTS_DIR; };
		81AB90D1294EDD9800700428 /* AppDelegate.swift */ = {isa = PBXFileReference; lastKnownFileType = sourcecode.swift; path = AppDelegate.swift; sourceTree = "<group>"; };
		81AB90D3294EDD9800700428 /* SceneDelegate.swift */ = {isa = PBXFileReference; lastKnownFileType = sourcecode.swift; path = SceneDelegate.swift; sourceTree = "<group>"; };
		81AB90D8294EDD9800700428 /* Base */ = {isa = PBXFileReference; lastKnownFileType = file.storyboard; name = Base; path = Base.lproj/Main.storyboard; sourceTree = "<group>"; };
		81AB90DA294EDD9900700428 /* Assets.xcassets */ = {isa = PBXFileReference; lastKnownFileType = folder.assetcatalog; path = Assets.xcassets; sourceTree = "<group>"; };
		81AB90DD294EDD9900700428 /* Base */ = {isa = PBXFileReference; lastKnownFileType = file.storyboard; name = Base; path = Base.lproj/LaunchScreen.storyboard; sourceTree = "<group>"; };
		81AB90DF294EDD9900700428 /* Info.plist */ = {isa = PBXFileReference; lastKnownFileType = text.plist.xml; path = Info.plist; sourceTree = "<group>"; };
		81AB90E5294EDFB200700428 /* MainWebViewController.swift */ = {isa = PBXFileReference; lastKnownFileType = sourcecode.swift; path = MainWebViewController.swift; sourceTree = "<group>"; };
		81AB90EC294EF87300700428 /* Delgo.entitlements */ = {isa = PBXFileReference; lastKnownFileType = text.plist.entitlements; path = Delgo.entitlements; sourceTree = "<group>"; };
		81AB90EE294F420900700428 /* FCMToken.swift */ = {isa = PBXFileReference; lastKnownFileType = sourcecode.swift; path = FCMToken.swift; sourceTree = "<group>"; };
/* End PBXFileReference section */

/* Begin PBXFrameworksBuildPhase section */
		81AB90CB294EDD9800700428 /* Frameworks */ = {
			isa = PBXFrameworksBuildPhase;
			buildActionMask = 2147483647;
			files = (
				4C72A3FE2AD9915900695017 /* AirBridge in Frameworks */,
				AB949F18AA023C7FE3D5657F /* Pods_Delgo.framework in Frameworks */,
			);
			runOnlyForDeploymentPostprocessing = 0;
		};
/* End PBXFrameworksBuildPhase section */

/* Begin PBXGroup section */
		81AB90C5294EDD9800700428 = {
			isa = PBXGroup;
			children = (
				81AB90D0294EDD9800700428 /* Delgo */,
				81AB90CF294EDD9800700428 /* Products */,
				D97BD618BBF7A26F9A2D5109 /* Pods */,
				B687B864B3D06C1A4608E23A /* Frameworks */,
			);
			sourceTree = "<group>";
		};
		81AB90CF294EDD9800700428 /* Products */ = {
			isa = PBXGroup;
			children = (
				81AB90CE294EDD9800700428 /* Delgo.app */,
			);
			name = Products;
			sourceTree = "<group>";
		};
		81AB90D0294EDD9800700428 /* Delgo */ = {
			isa = PBXGroup;
			children = (
				81AB90ED294F417400700428 /* DTO */,
				81AB90EC294EF87300700428 /* Delgo.entitlements */,
				81AB90D1294EDD9800700428 /* AppDelegate.swift */,
				81AB90D3294EDD9800700428 /* SceneDelegate.swift */,
				81AB90E5294EDFB200700428 /* MainWebViewController.swift */,
				4C2E740D29E9098100745BBB /* MyLocationManager.swift */,
				81AB90D7294EDD9800700428 /* Main.storyboard */,
				81AB90DA294EDD9900700428 /* Assets.xcassets */,
				81AB90DC294EDD9900700428 /* LaunchScreen.storyboard */,
				811B5EBF2961630800F7A77F /* GoogleService-Info.plist */,
				81AB90DF294EDD9900700428 /* Info.plist */,
			);
			path = Delgo;
			sourceTree = "<group>";
		};
		81AB90ED294F417400700428 /* DTO */ = {
			isa = PBXGroup;
			children = (
				81AB90EE294F420900700428 /* FCMToken.swift */,
			);
			path = DTO;
			sourceTree = "<group>";
		};
		B687B864B3D06C1A4608E23A /* Frameworks */ = {
			isa = PBXGroup;
			children = (
				4C29A20B2A56E6DC007EC910 /* libz.tbd */,
				0DC79A7F413DD528525B4B65 /* Pods_Delgo.framework */,
			);
			name = Frameworks;
			sourceTree = "<group>";
		};
		D97BD618BBF7A26F9A2D5109 /* Pods */ = {
			isa = PBXGroup;
			children = (
				0C738D3B3939E33EAF76BDD2 /* Pods-Delgo.debug.xcconfig */,
				03E44354B670E5961C2A33FF /* Pods-Delgo.release.xcconfig */,
			);
			path = Pods;
			sourceTree = "<group>";
		};
/* End PBXGroup section */

/* Begin PBXNativeTarget section */
		81AB90CD294EDD9800700428 /* Delgo */ = {
			isa = PBXNativeTarget;
			buildConfigurationList = 81AB90E2294EDD9900700428 /* Build configuration list for PBXNativeTarget "Delgo" */;
			buildPhases = (
				FAB9C0BD4AF90E4A6B3A5F27 /* [CP] Check Pods Manifest.lock */,
				81AB90CA294EDD9800700428 /* Sources */,
				81AB90CB294EDD9800700428 /* Frameworks */,
				81AB90CC294EDD9800700428 /* Resources */,
				0D625F7EB1B4448752D62A5A /* [CP] Embed Pods Frameworks */,
			);
			buildRules = (
			);
			dependencies = (
			);
			name = Delgo;
			packageProductDependencies = (
				4C72A3FD2AD9915900695017 /* AirBridge */,
			);
			productName = Delgo;
			productReference = 81AB90CE294EDD9800700428 /* Delgo.app */;
			productType = "com.apple.product-type.application";
		};
/* End PBXNativeTarget section */

/* Begin PBXProject section */
		81AB90C6294EDD9800700428 /* Project object */ = {
			isa = PBXProject;
			attributes = {
				BuildIndependentTargetsInParallel = 1;
				LastSwiftUpdateCheck = 1340;
				LastUpgradeCheck = 1340;
				TargetAttributes = {
					81AB90CD294EDD9800700428 = {
						CreatedOnToolsVersion = 13.4.1;
					};
				};
			};
			buildConfigurationList = 81AB90C9294EDD9800700428 /* Build configuration list for PBXProject "Delgo" */;
			compatibilityVersion = "Xcode 13.0";
			developmentRegion = en;
			hasScannedForEncodings = 0;
			knownRegions = (
				en,
				Base,
				ko,
			);
			mainGroup = 81AB90C5294EDD9800700428;
			packageReferences = (
				4C72A3FC2AD9915900695017 /* XCRemoteSwiftPackageReference "airbridge-ios-sdk-deploy" */,
			);
			productRefGroup = 81AB90CF294EDD9800700428 /* Products */;
			projectDirPath = "";
			projectRoot = "";
			targets = (
				81AB90CD294EDD9800700428 /* Delgo */,
			);
		};
/* End PBXProject section */

/* Begin PBXResourcesBuildPhase section */
		81AB90CC294EDD9800700428 /* Resources */ = {
			isa = PBXResourcesBuildPhase;
			buildActionMask = 2147483647;
			files = (
				81AB90DE294EDD9900700428 /* LaunchScreen.storyboard in Resources */,
				811B5EC02961630800F7A77F /* GoogleService-Info.plist in Resources */,
				81AB90DB294EDD9900700428 /* Assets.xcassets in Resources */,
				81AB90D9294EDD9800700428 /* Main.storyboard in Resources */,
			);
			runOnlyForDeploymentPostprocessing = 0;
		};
/* End PBXResourcesBuildPhase section */

/* Begin PBXShellScriptBuildPhase section */
		0D625F7EB1B4448752D62A5A /* [CP] Embed Pods Frameworks */ = {
			isa = PBXShellScriptBuildPhase;
			buildActionMask = 2147483647;
			files = (
			);
			inputFileListPaths = (
				"${PODS_ROOT}/Target Support Files/Pods-Delgo/Pods-Delgo-frameworks-${CONFIGURATION}-input-files.xcfilelist",
			);
			name = "[CP] Embed Pods Frameworks";
			outputFileListPaths = (
				"${PODS_ROOT}/Target Support Files/Pods-Delgo/Pods-Delgo-frameworks-${CONFIGURATION}-output-files.xcfilelist",
			);
			runOnlyForDeploymentPostprocessing = 0;
			shellPath = /bin/sh;
			shellScript = "\"${PODS_ROOT}/Target Support Files/Pods-Delgo/Pods-Delgo-frameworks.sh\"\n";
			showEnvVarsInLog = 0;
		};
		FAB9C0BD4AF90E4A6B3A5F27 /* [CP] Check Pods Manifest.lock */ = {
			isa = PBXShellScriptBuildPhase;
			buildActionMask = 2147483647;
			files = (
			);
			inputFileListPaths = (
			);
			inputPaths = (
				"${PODS_PODFILE_DIR_PATH}/Podfile.lock",
				"${PODS_ROOT}/Manifest.lock",
			);
			name = "[CP] Check Pods Manifest.lock";
			outputFileListPaths = (
			);
			outputPaths = (
				"$(DERIVED_FILE_DIR)/Pods-Delgo-checkManifestLockResult.txt",
			);
			runOnlyForDeploymentPostprocessing = 0;
			shellPath = /bin/sh;
			shellScript = "diff \"${PODS_PODFILE_DIR_PATH}/Podfile.lock\" \"${PODS_ROOT}/Manifest.lock\" > /dev/null\nif [ $? != 0 ] ; then\n    # print error to STDERR\n    echo \"error: The sandbox is not in sync with the Podfile.lock. Run 'pod install' or update your CocoaPods installation.\" >&2\n    exit 1\nfi\n# This output is used by Xcode 'outputs' to avoid re-running this script phase.\necho \"SUCCESS\" > \"${SCRIPT_OUTPUT_FILE_0}\"\n";
			showEnvVarsInLog = 0;
		};
/* End PBXShellScriptBuildPhase section */

/* Begin PBXSourcesBuildPhase section */
		81AB90CA294EDD9800700428 /* Sources */ = {
			isa = PBXSourcesBuildPhase;
			buildActionMask = 2147483647;
			files = (
				81AB90EF294F420900700428 /* FCMToken.swift in Sources */,
				4C2E740E29E9098100745BBB /* MyLocationManager.swift in Sources */,
				81AB90E6294EDFB200700428 /* MainWebViewController.swift in Sources */,
				4C7EAA7A2AA6198F00B57D4C /* AppDelegate.swift in Sources */,
				81AB90D4294EDD9800700428 /* SceneDelegate.swift in Sources */,
			);
			runOnlyForDeploymentPostprocessing = 0;
		};
/* End PBXSourcesBuildPhase section */

/* Begin PBXVariantGroup section */
		81AB90D7294EDD9800700428 /* Main.storyboard */ = {
			isa = PBXVariantGroup;
			children = (
				81AB90D8294EDD9800700428 /* Base */,
				4C84CC8429ADD8B1001D3A20 /* ko */,
			);
			name = Main.storyboard;
			sourceTree = "<group>";
		};
		81AB90DC294EDD9900700428 /* LaunchScreen.storyboard */ = {
			isa = PBXVariantGroup;
			children = (
				81AB90DD294EDD9900700428 /* Base */,
				4C84CC8529ADD8B1001D3A20 /* ko */,
			);
			name = LaunchScreen.storyboard;
			sourceTree = "<group>";
		};
/* End PBXVariantGroup section */

/* Begin XCBuildConfiguration section */
		81AB90E0294EDD9900700428 /* Debug */ = {
			isa = XCBuildConfiguration;
			buildSettings = {
				ALWAYS_SEARCH_USER_PATHS = NO;
				CLANG_ANALYZER_LOCALIZABILITY_NONLOCALIZED = YES;
				CLANG_ANALYZER_NONNULL = YES;
				CLANG_ANALYZER_NUMBER_OBJECT_CONVERSION = YES_AGGRESSIVE;
				CLANG_CXX_LANGUAGE_STANDARD = "gnu++17";
				CLANG_ENABLE_MODULES = YES;
				CLANG_ENABLE_OBJC_ARC = YES;
				CLANG_ENABLE_OBJC_WEAK = YES;
				CLANG_WARN_BLOCK_CAPTURE_AUTORELEASING = YES;
				CLANG_WARN_BOOL_CONVERSION = YES;
				CLANG_WARN_COMMA = YES;
				CLANG_WARN_CONSTANT_CONVERSION = YES;
				CLANG_WARN_DEPRECATED_OBJC_IMPLEMENTATIONS = YES;
				CLANG_WARN_DIRECT_OBJC_ISA_USAGE = YES_ERROR;
				CLANG_WARN_DOCUMENTATION_COMMENTS = YES;
				CLANG_WARN_EMPTY_BODY = YES;
				CLANG_WARN_ENUM_CONVERSION = YES;
				CLANG_WARN_INFINITE_RECURSION = YES;
				CLANG_WARN_INT_CONVERSION = YES;
				CLANG_WARN_NON_LITERAL_NULL_CONVERSION = YES;
				CLANG_WARN_OBJC_IMPLICIT_RETAIN_SELF = YES;
				CLANG_WARN_OBJC_LITERAL_CONVERSION = YES;
				CLANG_WARN_OBJC_ROOT_CLASS = YES_ERROR;
				CLANG_WARN_QUOTED_INCLUDE_IN_FRAMEWORK_HEADER = YES;
				CLANG_WARN_RANGE_LOOP_ANALYSIS = YES;
				CLANG_WARN_STRICT_PROTOTYPES = YES;
				CLANG_WARN_SUSPICIOUS_MOVE = YES;
				CLANG_WARN_UNGUARDED_AVAILABILITY = YES_AGGRESSIVE;
				CLANG_WARN_UNREACHABLE_CODE = YES;
				CLANG_WARN__DUPLICATE_METHOD_MATCH = YES;
				COPY_PHASE_STRIP = NO;
				DEBUG_INFORMATION_FORMAT = dwarf;
				ENABLE_STRICT_OBJC_MSGSEND = YES;
				ENABLE_TESTABILITY = YES;
				FRAMEWORK_SEARCH_PATHS = /Users/delgo/Documents/FacebookSDK;
				GCC_C_LANGUAGE_STANDARD = gnu11;
				GCC_DYNAMIC_NO_PIC = NO;
				GCC_NO_COMMON_BLOCKS = YES;
				GCC_OPTIMIZATION_LEVEL = 0;
				GCC_PREPROCESSOR_DEFINITIONS = (
					"DEBUG=1",
					"$(inherited)",
				);
				GCC_WARN_64_TO_32_BIT_CONVERSION = YES;
				GCC_WARN_ABOUT_RETURN_TYPE = YES_ERROR;
				GCC_WARN_UNDECLARED_SELECTOR = YES;
				GCC_WARN_UNINITIALIZED_AUTOS = YES_AGGRESSIVE;
				GCC_WARN_UNUSED_FUNCTION = YES;
				GCC_WARN_UNUSED_VARIABLE = YES;
				INFOPLIST_KEY_CFBundleDisplayName = Delgo;
				IPHONEOS_DEPLOYMENT_TARGET = 14.0;
				MTL_ENABLE_DEBUG_INFO = INCLUDE_SOURCE;
				MTL_FAST_MATH = YES;
				NEW_SETTING = "";
				NEW_SETTING1 = "";
				ONLY_ACTIVE_ARCH = YES;
				OTHER_LDFLAGS = "-ObjC";
				SDKROOT = iphoneos;
				SWIFT_ACTIVE_COMPILATION_CONDITIONS = DEBUG;
				SWIFT_OPTIMIZATION_LEVEL = "-Onone";
			};
			name = Debug;
		};
		81AB90E1294EDD9900700428 /* Release */ = {
			isa = XCBuildConfiguration;
			buildSettings = {
				ALWAYS_SEARCH_USER_PATHS = NO;
				CLANG_ANALYZER_LOCALIZABILITY_NONLOCALIZED = YES;
				CLANG_ANALYZER_NONNULL = YES;
				CLANG_ANALYZER_NUMBER_OBJECT_CONVERSION = YES_AGGRESSIVE;
				CLANG_CXX_LANGUAGE_STANDARD = "gnu++17";
				CLANG_ENABLE_MODULES = YES;
				CLANG_ENABLE_OBJC_ARC = YES;
				CLANG_ENABLE_OBJC_WEAK = YES;
				CLANG_WARN_BLOCK_CAPTURE_AUTORELEASING = YES;
				CLANG_WARN_BOOL_CONVERSION = YES;
				CLANG_WARN_COMMA = YES;
				CLANG_WARN_CONSTANT_CONVERSION = YES;
				CLANG_WARN_DEPRECATED_OBJC_IMPLEMENTATIONS = YES;
				CLANG_WARN_DIRECT_OBJC_ISA_USAGE = YES_ERROR;
				CLANG_WARN_DOCUMENTATION_COMMENTS = YES;
				CLANG_WARN_EMPTY_BODY = YES;
				CLANG_WARN_ENUM_CONVERSION = YES;
				CLANG_WARN_INFINITE_RECURSION = YES;
				CLANG_WARN_INT_CONVERSION = YES;
				CLANG_WARN_NON_LITERAL_NULL_CONVERSION = YES;
				CLANG_WARN_OBJC_IMPLICIT_RETAIN_SELF = YES;
				CLANG_WARN_OBJC_LITERAL_CONVERSION = YES;
				CLANG_WARN_OBJC_ROOT_CLASS = YES_ERROR;
				CLANG_WARN_QUOTED_INCLUDE_IN_FRAMEWORK_HEADER = YES;
				CLANG_WARN_RANGE_LOOP_ANALYSIS = YES;
				CLANG_WARN_STRICT_PROTOTYPES = YES;
				CLANG_WARN_SUSPICIOUS_MOVE = YES;
				CLANG_WARN_UNGUARDED_AVAILABILITY = YES_AGGRESSIVE;
				CLANG_WARN_UNREACHABLE_CODE = YES;
				CLANG_WARN__DUPLICATE_METHOD_MATCH = YES;
				COPY_PHASE_STRIP = NO;
				DEBUG_INFORMATION_FORMAT = "dwarf-with-dsym";
				ENABLE_NS_ASSERTIONS = NO;
				ENABLE_STRICT_OBJC_MSGSEND = YES;
				FRAMEWORK_SEARCH_PATHS = /Users/delgo/Documents/FacebookSDK;
				GCC_C_LANGUAGE_STANDARD = gnu11;
				GCC_NO_COMMON_BLOCKS = YES;
				GCC_WARN_64_TO_32_BIT_CONVERSION = YES;
				GCC_WARN_ABOUT_RETURN_TYPE = YES_ERROR;
				GCC_WARN_UNDECLARED_SELECTOR = YES;
				GCC_WARN_UNINITIALIZED_AUTOS = YES_AGGRESSIVE;
				GCC_WARN_UNUSED_FUNCTION = YES;
				GCC_WARN_UNUSED_VARIABLE = YES;
				INFOPLIST_KEY_CFBundleDisplayName = Delgo;
				IPHONEOS_DEPLOYMENT_TARGET = 14.0;
				MTL_ENABLE_DEBUG_INFO = NO;
				MTL_FAST_MATH = YES;
				NEW_SETTING = "";
				NEW_SETTING1 = "";
				OTHER_LDFLAGS = "-ObjC";
				SDKROOT = iphoneos;
				SWIFT_COMPILATION_MODE = wholemodule;
				SWIFT_OPTIMIZATION_LEVEL = "-O";
				VALIDATE_PRODUCT = YES;
			};
			name = Release;
		};
		81AB90E3294EDD9900700428 /* Debug */ = {
			isa = XCBuildConfiguration;
			baseConfigurationReference = 0C738D3B3939E33EAF76BDD2 /* Pods-Delgo.debug.xcconfig */;
			buildSettings = {
				ASSETCATALOG_COMPILER_APPICON_NAME = AppIcon;
				ASSETCATALOG_COMPILER_GLOBAL_ACCENT_COLOR_NAME = AccentColor;
				CODE_SIGN_ENTITLEMENTS = Delgo/Delgo.entitlements;
				CODE_SIGN_STYLE = Automatic;
				CURRENT_PROJECT_VERSION = 1;
				DEVELOPMENT_TEAM = GGS2HY6B73;
				ENABLE_BITCODE = NO;
				"EXCLUDED_ARCHS[sdk=iphonesimulator*]" = i386;
				FRAMEWORK_SEARCH_PATHS = (
					"$(inherited)",
					"$(PROJECT_DIR)/Delgo/facebook-ios-sdk-current",
					"$(PROJECT_DIR)/Delgo/Facebook\\ SDK/facebook-ios-sdk-current",
					"$(PROJECT_DIR)/Delgo/Facebook\\ SDK/facebook-ios-sdk-current",
					"$(PROJECT_DIR)/Delgo/Facebook\\ SDK/facebook-ios-sdk-current",
					"$(PROJECT_DIR)/Delgo/Facebook\\ SDK/facebook-ios-sdk-current",
					"$(PROJECT_DIR)/Delgo/Facebook\\ SDK/facebook-ios-sdk-current",
					"$(PROJECT_DIR)/Delgo/Facebook\\ SDK/facebook-ios-sdk-current",
					"$(PROJECT_DIR)/Delgo/Facebook\\ SDK/facebook-ios-sdk-current",
					"$(PROJECT_DIR)/Delgo/Facebook\\ SDK",
					"$(PROJECT_DIR)/Delgo/Facebook\\ SDK",
					"$(PROJECT_DIR)/Delgo/Facebook\\ SDK",
					"$(PROJECT_DIR)/Delgo/Facebook\\ SDK",
					"$(PROJECT_DIR)",
				);
				GENERATE_INFOPLIST_FILE = YES;
				INFOPLIST_FILE = Delgo/Info.plist;
				INFOPLIST_KEY_CFBundleDisplayName = Delgo;
				INFOPLIST_KEY_LSApplicationCategoryType = "public.app-category.social-networking";
				INFOPLIST_KEY_NSCameraUsageDescription = "Delgo(델고)서비스에서 강아지와의 추억을 기록하기 위해서는 카메라에 접근이 필요합니다.";
				INFOPLIST_KEY_NSLocationWhenInUseUsageDescription = "Delgo(델고) 서비스에서 강아지와의 추억을 정확한 위치에 기록을 하기 위해서는 이용자 위치정보의 접근이 필요합니다.";
				INFOPLIST_KEY_NSPhotoLibraryUsageDescription = "Delgo(델고)서비스에서 강아지와의 추억을 기록하기 위해서는 엘범에 접근이 필요합니다.";
				INFOPLIST_KEY_UIApplicationSupportsIndirectInputEvents = YES;
				INFOPLIST_KEY_UILaunchStoryboardName = LaunchScreen;
				INFOPLIST_KEY_UIMainStoryboardFile = Main;
				INFOPLIST_KEY_UIStatusBarStyle = UIStatusBarStyleDarkContent;
				INFOPLIST_KEY_UISupportedInterfaceOrientations = UIInterfaceOrientationPortrait;
				INFOPLIST_KEY_UISupportedInterfaceOrientations_iPad = "UIInterfaceOrientationPortrait UIInterfaceOrientationPortraitUpsideDown UIInterfaceOrientationLandscapeLeft UIInterfaceOrientationLandscapeRight";
				INFOPLIST_KEY_UISupportedInterfaceOrientations_iPhone = UIInterfaceOrientationPortrait;
				IPHONEOS_DEPLOYMENT_TARGET = 14.0;
				LD_RUNPATH_SEARCH_PATHS = (
					"$(inherited)",
					"@executable_path/Frameworks",
				);
				MARKETING_VERSION = 2.5.4;
				PRODUCT_BUNDLE_IDENTIFIER = com.delgo.delgoreward.Delgo;
				PRODUCT_NAME = "$(TARGET_NAME)";
				SWIFT_EMIT_LOC_STRINGS = YES;
				SWIFT_OBJC_BRIDGING_HEADER = "";
				SWIFT_VERSION = 5.0;
				TARGETED_DEVICE_FAMILY = 1;
			};
			name = Debug;
		};
		81AB90E4294EDD9900700428 /* Release */ = {
			isa = XCBuildConfiguration;
			baseConfigurationReference = 03E44354B670E5961C2A33FF /* Pods-Delgo.release.xcconfig */;
			buildSettings = {
				ASSETCATALOG_COMPILER_APPICON_NAME = AppIcon;
				ASSETCATALOG_COMPILER_GLOBAL_ACCENT_COLOR_NAME = AccentColor;
				CODE_SIGN_ENTITLEMENTS = Delgo/Delgo.entitlements;
				CODE_SIGN_STYLE = Automatic;
				CURRENT_PROJECT_VERSION = 1;
				DEVELOPMENT_TEAM = GGS2HY6B73;
				ENABLE_BITCODE = NO;
				FRAMEWORK_SEARCH_PATHS = (
					"$(inherited)",
					"$(PROJECT_DIR)/Delgo/facebook-ios-sdk-current",
					"$(PROJECT_DIR)/Delgo/Facebook\\ SDK/facebook-ios-sdk-current",
					"$(PROJECT_DIR)/Delgo/Facebook\\ SDK/facebook-ios-sdk-current",
					"$(PROJECT_DIR)/Delgo/Facebook\\ SDK/facebook-ios-sdk-current",
					"$(PROJECT_DIR)/Delgo/Facebook\\ SDK/facebook-ios-sdk-current",
					"$(PROJECT_DIR)/Delgo/Facebook\\ SDK/facebook-ios-sdk-current",
					"$(PROJECT_DIR)/Delgo/Facebook\\ SDK/facebook-ios-sdk-current",
					"$(PROJECT_DIR)/Delgo/Facebook\\ SDK/facebook-ios-sdk-current",
					"$(PROJECT_DIR)/Delgo/Facebook\\ SDK",
					"$(PROJECT_DIR)/Delgo/Facebook\\ SDK",
					"$(PROJECT_DIR)/Delgo/Facebook\\ SDK",
					"$(PROJECT_DIR)/Delgo/Facebook\\ SDK",
					"$(PROJECT_DIR)",
				);
				GENERATE_INFOPLIST_FILE = YES;
				INFOPLIST_FILE = Delgo/Info.plist;
				INFOPLIST_KEY_CFBundleDisplayName = Delgo;
				INFOPLIST_KEY_LSApplicationCategoryType = "public.app-category.social-networking";
				INFOPLIST_KEY_NSCameraUsageDescription = "Delgo(델고)서비스에서 강아지와의 추억을 기록하기 위해서는 카메라에 접근이 필요합니다.";
				INFOPLIST_KEY_NSLocationWhenInUseUsageDescription = "Delgo(델고) 서비스에서 강아지와의 추억을 정확한 위치에 기록을 하기 위해서는 이용자 위치정보의 접근이 필요합니다.";
				INFOPLIST_KEY_NSPhotoLibraryUsageDescription = "Delgo(델고)서비스에서 강아지와의 추억을 기록하기 위해서는 엘범에 접근이 필요합니다.";
				INFOPLIST_KEY_UIApplicationSupportsIndirectInputEvents = YES;
				INFOPLIST_KEY_UILaunchStoryboardName = LaunchScreen;
				INFOPLIST_KEY_UIMainStoryboardFile = Main;
				INFOPLIST_KEY_UIStatusBarStyle = UIStatusBarStyleDarkContent;
				INFOPLIST_KEY_UISupportedInterfaceOrientations = UIInterfaceOrientationPortrait;
				INFOPLIST_KEY_UISupportedInterfaceOrientations_iPad = "UIInterfaceOrientationPortrait UIInterfaceOrientationPortraitUpsideDown UIInterfaceOrientationLandscapeLeft UIInterfaceOrientationLandscapeRight";
				INFOPLIST_KEY_UISupportedInterfaceOrientations_iPhone = UIInterfaceOrientationPortrait;
				IPHONEOS_DEPLOYMENT_TARGET = 14.0;
				LD_RUNPATH_SEARCH_PATHS = (
					"$(inherited)",
					"@executable_path/Frameworks",
				);
				MARKETING_VERSION = 2.5.4;
				PRODUCT_BUNDLE_IDENTIFIER = com.delgo.delgoreward.Delgo;
				PRODUCT_NAME = "$(TARGET_NAME)";
				SWIFT_EMIT_LOC_STRINGS = YES;
				SWIFT_OBJC_BRIDGING_HEADER = "";
				SWIFT_VERSION = 5.0;
				TARGETED_DEVICE_FAMILY = 1;
			};
			name = Release;
		};
/* End XCBuildConfiguration section */

/* Begin XCConfigurationList section */
		81AB90C9294EDD9800700428 /* Build configuration list for PBXProject "Delgo" */ = {
			isa = XCConfigurationList;
			buildConfigurations = (
				81AB90E0294EDD9900700428 /* Debug */,
				81AB90E1294EDD9900700428 /* Release */,
			);
			defaultConfigurationIsVisible = 0;
			defaultConfigurationName = Release;
		};
		81AB90E2294EDD9900700428 /* Build configuration list for PBXNativeTarget "Delgo" */ = {
			isa = XCConfigurationList;
			buildConfigurations = (
				81AB90E3294EDD9900700428 /* Debug */,
				81AB90E4294EDD9900700428 /* Release */,
			);
			defaultConfigurationIsVisible = 0;
			defaultConfigurationName = Release;
		};
/* End XCConfigurationList section */

/* Begin XCRemoteSwiftPackageReference section */
		4C72A3FC2AD9915900695017 /* XCRemoteSwiftPackageReference "airbridge-ios-sdk-deploy" */ = {
			isa = XCRemoteSwiftPackageReference;
			repositoryURL = "https://github.com/ab180/airbridge-ios-sdk-deploy";
			requirement = {
				kind = upToNextMajorVersion;
				minimumVersion = 1.34.4;
			};
		};
/* End XCRemoteSwiftPackageReference section */

/* Begin XCSwiftPackageProductDependency section */
		4C72A3FD2AD9915900695017 /* AirBridge */ = {
			isa = XCSwiftPackageProductDependency;
			package = 4C72A3FC2AD9915900695017 /* XCRemoteSwiftPackageReference "airbridge-ios-sdk-deploy" */;
			productName = AirBridge;
		};
/* End XCSwiftPackageProductDependency section */
	};
	rootObject = 81AB90C6294EDD9800700428 /* Project object */;
}
